
Microsoft Visual Studio Solution File, Format Version 12.00
# Visual Studio 14
VisualStudioVersion = 14.0.23107.0
MinimumVisualStudioVersion = 10.0.40219.1
Project("{FAE04EC0-301F-11D3-BF4B-00C04F79EFBC}") = "DddInPractice.Logic", "DddInPractice.Logic\DddInPractice.Logic.csproj", "{9EB9F0CE-0550-4808-90D7-9D60395F5EC8}"
EndProject
Project("{FAE04EC0-301F-11D3-BF4B-00C04F79EFBC}") = "DddInPractice.Tests", "DddInPractice.Tests\DddInPractice.Tests.csproj", "{CA0C4529-499E-4F3F-AF2E-CDE46D5524F3}"
EndProject
Project("{FAE04EC0-301F-11D3-BF4B-00C04F79EFBC}") = "DddInPractice.UI", "DddInPractice.UI\DddInPractice.UI.csproj", "{564E3BC7-2E81-4709-9CE3-4242476CD746}"
EndProject
Global
	GlobalSection(SolutionConfigurationPlatforms) = preSolution
		Debug|Any CPU = Debug|Any CPU
		Release|Any CPU = Release|Any CPU
	EndGlobalSection
	GlobalSection(ProjectConfigurationPlatforms) = postSolution
		{9EB9F0CE-0550-4808-90D7-9D60395F5EC8}.Debug|Any CPU.ActiveCfg = Debug|Any CPU
		{9EB9F0CE-0550-4808-90D7-9D60395F5EC8}.Debug|Any CPU.Build.0 = Debug|Any CPU
		{9EB9F0CE-0550-4808-90D7-9D60395F5EC8}.Release|Any CPU.ActiveCfg = Release|Any CPU
		{9EB9F0CE-0550-4808-90D7-9D60395F5EC8}.Release|Any CPU.Build.0 = Release|Any CPU
		{CA0C4529-499E-4F3F-AF2E-CDE46D5524F3}.Debug|Any CPU.ActiveCfg = Debug|Any CPU
		{CA0C4529-499E-4F3F-AF2E-CDE46D5524F3}.Debug|Any CPU.Build.0 = Debug|Any CPU
		{CA0C4529-499E-4F3F-AF2E-CDE46D5524F3}.Release|Any CPU.ActiveCfg = Release|Any CPU
		{CA0C4529-499E-4F3F-AF2E-CDE46D5524F3}.Release|Any CPU.Build.0 = Release|Any CPU
		{564E3BC7-2E81-4709-9CE3-4242476CD746}.Debug|Any CPU.ActiveCfg = Debug|Any CPU
		{564E3BC7-2E81-4709-9CE3-4242476CD746}.Debug|Any CPU.Build.0 = Debug|Any CPU
		{564E3BC7-2E81-4709-9CE3-4242476CD746}.Release|Any CPU.ActiveCfg = Release|Any CPU
		{564E3BC7-2E81-4709-9CE3-4242476CD746}.Release|Any CPU.Build.0 = Release|Any CPU
	EndGlobalSection
	GlobalSection(SolutionProperties) = preSolution
		HideSolutionNode = FALSE
	EndGlobalSection
EndGlobal
